
Microsoft Visual Studio Solution File, Format Version 12.00
# Visual Studio Version 16
VisualStudioVersion = 25.0.1704.0
MinimumVisualStudioVersion = 10.0.40219.1
Project("{FAE04EC0-301F-11D3-BF4B-00C04F79EFBC}") = "Sokoban", "Sokoban\Sokoban.csproj", "{EF5DB3D8-B148-43B6-9997-946B455681BA}"
EndProject
Global
	GlobalSection(SolutionConfigurationPlatforms) = preSolution
		Debug|Any CPU = Debug|Any CPU
		Release|Any CPU = Release|Any CPU
	EndGlobalSection
	GlobalSection(ProjectConfigurationPlatforms) = postSolution
		{EF5DB3D8-B148-43B6-9997-946B455681BA}.Debug|Any CPU.ActiveCfg = Debug|Any CPU
		{EF5DB3D8-B148-43B6-9997-946B455681BA}.Debug|Any CPU.Build.0 = Debug|Any CPU
		{EF5DB3D8-B148-43B6-9997-946B455681BA}.Release|Any CPU.ActiveCfg = Release|Any CPU
		{EF5DB3D8-B148-43B6-9997-946B455681BA}.Release|Any CPU.Build.0 = Release|Any CPU
	EndGlobalSection
	GlobalSection(SolutionProperties) = preSolution
		HideSolutionNode = FALSE
	EndGlobalSection
	GlobalSection(ExtensibilityGlobals) = postSolution
		SolutionGuid = {6F44B4E6-CBC4-416B-B7ED-7EEE13C4FCA9}
	EndGlobalSection
EndGlobal
